
Microsoft Visual Studio Solution File, Format Version 12.00
# Visual Studio Version 16
VisualStudioVersion = 16.0.30330.147
MinimumVisualStudioVersion = 10.0.40219.1
Project("{FAE04EC0-301F-11D3-BF4B-00C04F79EFBC}") = "simpleDesktopClock", "simpleDesktopClock.csproj", "{46F42DA2-A59C-44A1-814D-AE918B9F1786}"
EndProject
Global
	GlobalSection(SolutionConfigurationPlatforms) = preSolution
		Debug|Any CPU = Debug|Any CPU
		Release|Any CPU = Release|Any CPU
	EndGlobalSection
	GlobalSection(ProjectConfigurationPlatforms) = postSolution
		{46F42DA2-A59C-44A1-814D-AE918B9F1786}.Debug|Any CPU.ActiveCfg = Debug|Any CPU
		{46F42DA2-A59C-44A1-814D-AE918B9F1786}.Debug|Any CPU.Build.0 = Debug|Any CPU
		{46F42DA2-A59C-44A1-814D-AE918B9F1786}.Release|Any CPU.ActiveCfg = Release|Any CPU
		{46F42DA2-A59C-44A1-814D-AE918B9F1786}.Release|Any CPU.Build.0 = Release|Any CPU
	EndGlobalSection
	GlobalSection(SolutionProperties) = preSolution
		HideSolutionNode = FALSE
	EndGlobalSection
	GlobalSection(ExtensibilityGlobals) = postSolution
		SolutionGuid = {37E3E275-C71D-48D2-8FC0-44C6E58871AB}
	EndGlobalSection
EndGlobal
